
Microsoft Visual Studio Solution File, Format Version 12.00
# Visual Studio Version 17
VisualStudioVersion = 17.5.33414.496
MinimumVisualStudioVersion = 10.0.40219.1
Project("{FAE04EC0-301F-11D3-BF4B-00C04F79EFBC}") = "GeometryLibrary", "GeometryLibrary\GeometryLibrary.csproj", "{9D58C5B2-B7CA-41E8-A8C4-A7F9419509D6}"
EndProject
Project("{FAE04EC0-301F-11D3-BF4B-00C04F79EFBC}") = "TestConsole", "TestConsole\TestConsole.csproj", "{5A0EE700-79FF-4787-8D01-35B1F11FD1BE}"
EndProject
Global
	GlobalSection(SolutionConfigurationPlatforms) = preSolution
		Debug|Any CPU = Debug|Any CPU
		Release|Any CPU = Release|Any CPU
	EndGlobalSection
	GlobalSection(ProjectConfigurationPlatforms) = postSolution
		{9D58C5B2-B7CA-41E8-A8C4-A7F9419509D6}.Debug|Any CPU.ActiveCfg = Debug|Any CPU
		{9D58C5B2-B7CA-41E8-A8C4-A7F9419509D6}.Debug|Any CPU.Build.0 = Debug|Any CPU
		{9D58C5B2-B7CA-41E8-A8C4-A7F9419509D6}.Release|Any CPU.ActiveCfg = Release|Any CPU
		{9D58C5B2-B7CA-41E8-A8C4-A7F9419509D6}.Release|Any CPU.Build.0 = Release|Any CPU
		{5A0EE700-79FF-4787-8D01-35B1F11FD1BE}.Debug|Any CPU.ActiveCfg = Debug|Any CPU
		{5A0EE700-79FF-4787-8D01-35B1F11FD1BE}.Debug|Any CPU.Build.0 = Debug|Any CPU
		{5A0EE700-79FF-4787-8D01-35B1F11FD1BE}.Release|Any CPU.ActiveCfg = Release|Any CPU
		{5A0EE700-79FF-4787-8D01-35B1F11FD1BE}.Release|Any CPU.Build.0 = Release|Any CPU
	EndGlobalSection
	GlobalSection(SolutionProperties) = preSolution
		HideSolutionNode = FALSE
	EndGlobalSection
	GlobalSection(ExtensibilityGlobals) = postSolution
		SolutionGuid = {3C28831F-515D-4109-BB80-0BC7732724E2}
	EndGlobalSection
EndGlobal
